
Microsoft Visual Studio Solution File, Format Version 12.00
# Visual Studio 14
VisualStudioVersion = 14.0.25420.1
MinimumVisualStudioVersion = 10.0.40219.1
Project("{FAE04EC0-301F-11D3-BF4B-00C04F79EFBC}") = "Dwaas.Param.Documentation.Analyzer", "Dwaas.Param.Documentation.Analyzer\Dwaas.Param.Documentation.Analyzer.csproj", "{C1FD0885-27B4-4551-8D6C-FC1E3C24030F}"
EndProject
Project("{FAE04EC0-301F-11D3-BF4B-00C04F79EFBC}") = "Dwaas.Param.Documentation.Analyzer.Vsix", "Dwaas.Param.Documentation.Analyzer.Vsix\Dwaas.Param.Documentation.Analyzer.Vsix.csproj", "{E6F08CFE-94AF-491D-BEAE-90CECC358D52}"
EndProject
Global
	GlobalSection(SolutionConfigurationPlatforms) = preSolution
		Debug|Any CPU = Debug|Any CPU
		Release|Any CPU = Release|Any CPU
	EndGlobalSection
	GlobalSection(ProjectConfigurationPlatforms) = postSolution
		{C1FD0885-27B4-4551-8D6C-FC1E3C24030F}.Debug|Any CPU.ActiveCfg = Debug|Any CPU
		{C1FD0885-27B4-4551-8D6C-FC1E3C24030F}.Debug|Any CPU.Build.0 = Debug|Any CPU
		{C1FD0885-27B4-4551-8D6C-FC1E3C24030F}.Release|Any CPU.ActiveCfg = Release|Any CPU
		{C1FD0885-27B4-4551-8D6C-FC1E3C24030F}.Release|Any CPU.Build.0 = Release|Any CPU
		{E6F08CFE-94AF-491D-BEAE-90CECC358D52}.Debug|Any CPU.ActiveCfg = Debug|Any CPU
		{E6F08CFE-94AF-491D-BEAE-90CECC358D52}.Debug|Any CPU.Build.0 = Debug|Any CPU
		{E6F08CFE-94AF-491D-BEAE-90CECC358D52}.Release|Any CPU.ActiveCfg = Release|Any CPU
		{E6F08CFE-94AF-491D-BEAE-90CECC358D52}.Release|Any CPU.Build.0 = Release|Any CPU
	EndGlobalSection
	GlobalSection(SolutionProperties) = preSolution
		HideSolutionNode = FALSE
	EndGlobalSection
EndGlobal
